
Microsoft Visual Studio Solution File, Format Version 12.00
# Visual Studio Version 16
VisualStudioVersion = 16.0.31410.357
MinimumVisualStudioVersion = 10.0.40219.1
Project("{FAE04EC0-301F-11D3-BF4B-00C04F79EFBC}") = "test_book_repository_webapi", "test_book_repository_webapi\test_book_repository_webapi.csproj", "{EF0BC2E7-92B1-4EF7-8A72-0CAED40ACD73}"
EndProject
Global
	GlobalSection(SolutionConfigurationPlatforms) = preSolution
		Debug|Any CPU = Debug|Any CPU
		Release|Any CPU = Release|Any CPU
	EndGlobalSection
	GlobalSection(ProjectConfigurationPlatforms) = postSolution
		{EF0BC2E7-92B1-4EF7-8A72-0CAED40ACD73}.Debug|Any CPU.ActiveCfg = Debug|Any CPU
		{EF0BC2E7-92B1-4EF7-8A72-0CAED40ACD73}.Debug|Any CPU.Build.0 = Debug|Any CPU
		{EF0BC2E7-92B1-4EF7-8A72-0CAED40ACD73}.Release|Any CPU.ActiveCfg = Release|Any CPU
		{EF0BC2E7-92B1-4EF7-8A72-0CAED40ACD73}.Release|Any CPU.Build.0 = Release|Any CPU
	EndGlobalSection
	GlobalSection(SolutionProperties) = preSolution
		HideSolutionNode = FALSE
	EndGlobalSection
	GlobalSection(ExtensibilityGlobals) = postSolution
		SolutionGuid = {89D8FA35-60A5-41D2-B937-1BBFE7634094}
	EndGlobalSection
EndGlobal
